
Microsoft Visual Studio Solution File, Format Version 12.00
# Visual Studio 15
VisualStudioVersion = 15.0.27428.2015
MinimumVisualStudioVersion = 10.0.40219.1
Project("{FAE04EC0-301F-11D3-BF4B-00C04F79EFBC}") = "pre-commit_NiigataSvn", "pre-commit_NiigataSvn\pre-commit_NiigataSvn.csproj", "{0D2E2FEF-7AFB-4825-8394-56B316D0AEB0}"
EndProject
Global
	GlobalSection(SolutionConfigurationPlatforms) = preSolution
		Debug|x64 = Debug|x64
		Release|x64 = Release|x64
	EndGlobalSection
	GlobalSection(ProjectConfigurationPlatforms) = postSolution
		{0D2E2FEF-7AFB-4825-8394-56B316D0AEB0}.Debug|x64.ActiveCfg = Debug|x64
		{0D2E2FEF-7AFB-4825-8394-56B316D0AEB0}.Debug|x64.Build.0 = Debug|x64
		{0D2E2FEF-7AFB-4825-8394-56B316D0AEB0}.Release|x64.ActiveCfg = Release|x64
		{0D2E2FEF-7AFB-4825-8394-56B316D0AEB0}.Release|x64.Build.0 = Release|x64
	EndGlobalSection
	GlobalSection(SolutionProperties) = preSolution
		HideSolutionNode = FALSE
	EndGlobalSection
	GlobalSection(ExtensibilityGlobals) = postSolution
		SolutionGuid = {79557572-7401-47DD-9A4F-F09C7855F50A}
	EndGlobalSection
EndGlobal
